{
  "pins" : [
    {
      "identity" : "swift-sharedkit",
      "kind" : "remoteSourceControl",
      "location" : "https://github.com/nathanborror/swift-sharedkit",
      "state" : {
        "branch" : "main",
        "revision" : "4e5fbdea2b1b68385605c753c937c9438f30f7a9"
      }
    }
  ],
  "version" : 2
}
