{
  "pins" : [
    {
      "identity" : "swift-shared-kit",
      "kind" : "remoteSourceControl",
      "location" : "https://github.com/nathanborror/swift-shared-kit",
      "state" : {
        "branch" : "main",
        "revision" : "2250f24084dd6153d978f852be1ba32738ba9995"
      }
    }
  ],
  "version" : 2
}
