{
  "pins" : [
    {
      "identity" : "swift-shared-kit",
      "kind" : "remoteSourceControl",
      "location" : "https://github.com/nathanborror/swift-shared-kit",
      "state" : {
        "branch" : "main",
        "revision" : "72357d264d37d91a4273b14c112973dc480ce355"
      }
    }
  ],
  "version" : 2
}
